{
  "version": 4,
  "terraform_version": "1.11.2",
  "serial": 10,
  "lineage": "ca11107e-3f35-bd6b-9186-859b69ce6998",
  "outputs": {},
  "resources": [
    {
      "mode": "data",
      "type": "docker_registry_image",
      "name": "oracle",
      "provider": "provider[\"registry.terraform.io/kreuzwerker/docker\"]",
      "instances": [
        {
          "schema_version": 0,
          "attributes": {
            "id": "sha256:c304221ac2b1bb212415863056f9c6a2e99ee182510d15b22d3129b56aafd82c",
            "insecure_skip_verify": false,
            "name": "container-registry.oracle.com/database/free:latest",
            "sha256_digest": "sha256:c304221ac2b1bb212415863056f9c6a2e99ee182510d15b22d3129b56aafd82c"
          },
          "sensitive_attributes": []
        }
      ]
    },
    {
      "mode": "managed",
      "type": "docker_container",
      "name": "oracle-container",
      "provider": "provider[\"registry.terraform.io/kreuzwerker/docker\"]",
      "instances": [
        {
          "schema_version": 2,
          "attributes": {
            "attach": false,
            "bridge": "",
            "capabilities": [],
            "cgroupns_mode": null,
            "command": [
              "/bin/bash",
              "-c",
              "$ORACLE_BASE/$RUN_FILE"
            ],
            "container_logs": null,
            "container_read_refresh_timeout_milliseconds": 15000,
            "cpu_set": "",
            "cpu_shares": 0,
            "destroy_grace_seconds": null,
            "devices": [],
            "dns": null,
            "dns_opts": null,
            "dns_search": null,
            "domainname": "",
            "entrypoint": [],
            "env": [
              "ORACLE_ACCEPT_LICENSE=true",
              "ORACLE_PDB=ORCLPDB1",
              "ORACLE_PWD=ora@123",
              "ORACLE_SID=ORCLCDB"
            ],
            "exit_code": null,
            "gpus": null,
            "group_add": null,
            "healthcheck": [
              {
                "interval": "1m0s",
                "retries": 0,
                "start_period": "5m0s",
                "test": [
                  "CMD-SHELL",
                  "\"$ORACLE_BASE/$CHECK_DB_FILE\" \u003e/dev/null || exit 1"
                ],
                "timeout": "30s"
              }
            ],
            "host": [],
            "hostname": "a0b23dda7997",
            "id": "a0b23dda7997360193cad3218a170acc9c96457ac5ff72d8777d296c84306a69",
            "image": "sha256:c304221ac2b1bb212415863056f9c6a2e99ee182510d15b22d3129b56aafd82c",
            "init": false,
            "ipc_mode": "private",
            "labels": [],
            "log_driver": "json-file",
            "log_opts": null,
            "logs": false,
            "max_retry_count": 0,
            "memory": 0,
            "memory_swap": 0,
            "mounts": [],
            "must_run": true,
            "name": "oracle-container",
            "network_data": [
              {
                "gateway": "172.17.0.1",
                "global_ipv6_address": "",
                "global_ipv6_prefix_length": 0,
                "ip_address": "172.17.0.2",
                "ip_prefix_length": 16,
                "ipv6_gateway": "",
                "mac_address": "26:21:67:ba:67:c7",
                "network_name": "bridge"
              }
            ],
            "network_mode": "bridge",
            "networks_advanced": [],
            "pid_mode": "",
            "ports": [
              {
                "external": 1521,
                "internal": 1521,
                "ip": "0.0.0.0",
                "protocol": "tcp"
              }
            ],
            "privileged": false,
            "publish_all_ports": false,
            "read_only": false,
            "remove_volumes": true,
            "restart": "always",
            "rm": false,
            "runtime": "runc",
            "security_opts": [],
            "shm_size": 64,
            "start": true,
            "stdin_open": false,
            "stop_signal": "",
            "stop_timeout": 0,
            "storage_opts": null,
            "sysctls": null,
            "tmpfs": null,
            "tty": true,
            "ulimit": [],
            "upload": [],
            "user": "oracle",
            "userns_mode": "",
            "volumes": [],
            "wait": false,
            "wait_timeout": 60,
            "working_dir": "/home/oracle"
          },
          "sensitive_attributes": [],
          "private": "eyJzY2hlbWFfdmVyc2lvbiI6IjIifQ==",
          "dependencies": [
            "data.docker_registry_image.oracle",
            "docker_image.oracle"
          ]
        }
      ]
    },
    {
      "mode": "managed",
      "type": "docker_image",
      "name": "oracle",
      "provider": "provider[\"registry.terraform.io/kreuzwerker/docker\"]",
      "instances": [
        {
          "schema_version": 0,
          "attributes": {
            "build": [],
            "force_remove": null,
            "id": "sha256:c304221ac2b1bb212415863056f9c6a2e99ee182510d15b22d3129b56aafd82ccontainer-registry.oracle.com/database/free:latest",
            "image_id": "sha256:c304221ac2b1bb212415863056f9c6a2e99ee182510d15b22d3129b56aafd82c",
            "keep_locally": null,
            "name": "container-registry.oracle.com/database/free:latest",
            "platform": null,
            "pull_triggers": [
              "sha256:c304221ac2b1bb212415863056f9c6a2e99ee182510d15b22d3129b56aafd82c"
            ],
            "repo_digest": "container-registry.oracle.com/database/free@sha256:c304221ac2b1bb212415863056f9c6a2e99ee182510d15b22d3129b56aafd82c",
            "triggers": null
          },
          "sensitive_attributes": [],
          "private": "bnVsbA==",
          "dependencies": [
            "data.docker_registry_image.oracle"
          ]
        }
      ]
    }
  ],
  "check_results": null
}
